
Microsoft Visual Studio Solution File, Format Version 12.00
# Visual Studio Version 17
VisualStudioVersion = 17.6.33815.320
MinimumVisualStudioVersion = 10.0.40219.1
Project("{FAE04EC0-301F-11D3-BF4B-00C04F79EFBC}") = "books", "books\books.csproj", "{E42E11F8-70A1-4502-8E79-9B3D31D72BA4}"
EndProject
Global
	GlobalSection(SolutionConfigurationPlatforms) = preSolution
		Debug|Any CPU = Debug|Any CPU
		Release|Any CPU = Release|Any CPU
	EndGlobalSection
	GlobalSection(ProjectConfigurationPlatforms) = postSolution
		{E42E11F8-70A1-4502-8E79-9B3D31D72BA4}.Debug|Any CPU.ActiveCfg = Debug|Any CPU
		{E42E11F8-70A1-4502-8E79-9B3D31D72BA4}.Debug|Any CPU.Build.0 = Debug|Any CPU
		{E42E11F8-70A1-4502-8E79-9B3D31D72BA4}.Release|Any CPU.ActiveCfg = Release|Any CPU
		{E42E11F8-70A1-4502-8E79-9B3D31D72BA4}.Release|Any CPU.Build.0 = Release|Any CPU
	EndGlobalSection
	GlobalSection(SolutionProperties) = preSolution
		HideSolutionNode = FALSE
	EndGlobalSection
	GlobalSection(ExtensibilityGlobals) = postSolution
		SolutionGuid = {F0D42C16-DD3D-43AC-8E60-9F493746ACF8}
	EndGlobalSection
EndGlobal
